// !$*UTF8*$!
{
	archiveVersion = 1;
	classes = {
	};
	objectVersion = 46;
	objects = {

/* Begin PBXBuildFile section */
		5B81E9011EF7DF5100054948 /* main.m in Sources */ = {isa = PBXBuildFile; fileRef = 5B81E9001EF7DF5100054948 /* main.m */; };
		5B81E9041EF7DF5100054948 /* AppDelegate.m in Sources */ = {isa = PBXBuildFile; fileRef = 5B81E9031EF7DF5100054948 /* AppDelegate.m */; };
		5B81E9071EF7DF5100054948 /* ViewController.m in Sources */ = {isa = PBXBuildFile; fileRef = 5B81E9061EF7DF5100054948 /* ViewController.m */; };
		5B81E90A1EF7DF5100054948 /* Main.storyboard in Resources */ = {isa = PBXBuildFile; fileRef = 5B81E9081EF7DF5100054948 /* Main.storyboard */; };
		5B81E90C1EF7DF5100054948 /* Assets.xcassets in Resources */ = {isa = PBXBuildFile; fileRef = 5B81E90B1EF7DF5100054948 /* Assets.xcassets */; };
		5B81E90F1EF7DF5100054948 /* LaunchScreen.storyboard in Resources */ = {isa = PBXBuildFile; fileRef = 5B81E90D1EF7DF5100054948 /* LaunchScreen.storyboard */; };
		5B81E91A1EF7DF5100054948 /* NewMoMoTests.m in Sources */ = {isa = PBXBuildFile; fileRef = 5B81E9191EF7DF5100054948 /* NewMoMoTests.m */; };
		5B81E9251EF7DF5100054948 /* NewMoMoUITests.m in Sources */ = {isa = PBXBuildFile; fileRef = 5B81E9241EF7DF5100054948 /* NewMoMoUITests.m */; };
/* End PBXBuildFile section */

/* Begin PBXContainerItemProxy section */
		5B81E9161EF7DF5100054948 /* PBXContainerItemProxy */ = {
			isa = PBXContainerItemProxy;
			containerPortal = 5B81E8F41EF7DF5100054948 /* Project object */;
			proxyType = 1;
			remoteGlobalIDString = 5B81E8FB1EF7DF5100054948;
			remoteInfo = NewMoMo;
		};
		5B81E9211EF7DF5100054948 /* PBXContainerItemProxy */ = {
			isa = PBXContainerItemProxy;
			containerPortal = 5B81E8F41EF7DF5100054948 /* Project object */;
			proxyType = 1;
			remoteGlobalIDString = 5B81E8FB1EF7DF5100054948;
			remoteInfo = NewMoMo;
		};
/* End PBXContainerItemProxy section */

/* Begin PBXFileReference section */
		5B81E8FC1EF7DF5100054948 /* NewMoMo.app */ = {isa = PBXFileReference; explicitFileType = wrapper.application; includeInIndex = 0; path = NewMoMo.app; sourceTree = BUILT_PRODUCTS_DIR; };
		5B81E9001EF7DF5100054948 /* main.m */ = {isa = PBXFileReference; lastKnownFileType = sourcecode.c.objc; path = main.m; sourceTree = "<group>"; };
		5B81E9021EF7DF5100054948 /* AppDelegate.h */ = {isa = PBXFileReference; lastKnownFileType = sourcecode.c.h; path = AppDelegate.h; sourceTree = "<group>"; };
		5B81E9031EF7DF5100054948 /* AppDelegate.m */ = {isa = PBXFileReference; lastKnownFileType = sourcecode.c.objc; path = AppDelegate.m; sourceTree = "<group>"; };
		5B81E9051EF7DF5100054948 /* ViewController.h */ = {isa = PBXFileReference; lastKnownFileType = sourcecode.c.h; path = ViewController.h; sourceTree = "<group>"; };
		5B81E9061EF7DF5100054948 /* ViewController.m */ = {isa = PBXFileReference; lastKnownFileType = sourcecode.c.objc; path = ViewController.m; sourceTree = "<group>"; };
		5B81E9091EF7DF5100054948 /* Base */ = {isa = PBXFileReference; lastKnownFileType = file.storyboard; name = Base; path = Base.lproj/Main.storyboard; sourceTree = "<group>"; };
		5B81E90B1EF7DF5100054948 /* Assets.xcassets */ = {isa = PBXFileReference; lastKnownFileType = folder.assetcatalog; path = Assets.xcassets; sourceTree = "<group>"; };
		5B81E90E1EF7DF5100054948 /* Base */ = {isa = PBXFileReference; lastKnownFileType = file.storyboard; name = Base; path = Base.lproj/LaunchScreen.storyboard; sourceTree = "<group>"; };
		5B81E9101EF7DF5100054948 /* Info.plist */ = {isa = PBXFileReference; lastKnownFileType = text.plist.xml; path = Info.plist; sourceTree = "<group>"; };
		5B81E9151EF7DF5100054948 /* NewMoMoTests.xctest */ = {isa = PBXFileReference; explicitFileType = wrapper.cfbundle; includeInIndex = 0; path = NewMoMoTests.xctest; sourceTree = BUILT_PRODUCTS_DIR; };
		5B81E9191EF7DF5100054948 /* NewMoMoTests.m */ = {isa = PBXFileReference; lastKnownFileType = sourcecode.c.objc; path = NewMoMoTests.m; sourceTree = "<group>"; };
		5B81E91B1EF7DF5100054948 /* Info.plist */ = {isa = PBXFileReference; lastKnownFileType = text.plist.xml; path = Info.plist; sourceTree = "<group>"; };
		5B81E9201EF7DF5100054948 /* NewMoMoUITests.xctest */ = {isa = PBXFileReference; explicitFileType = wrapper.cfbundle; includeInIndex = 0; path = NewMoMoUITests.xctest; sourceTree = BUILT_PRODUCTS_DIR; };
		5B81E9241EF7DF5100054948 /* NewMoMoUITests.m */ = {isa = PBXFileReference; lastKnownFileType = sourcecode.c.objc; path = NewMoMoUITests.m; sourceTree = "<group>"; };
		5B81E9261EF7DF5100054948 /* Info.plist */ = {isa = PBXFileReference; lastKnownFileType = text.plist.xml; path = Info.plist; sourceTree = "<group>"; };
/* End PBXFileReference section */

/* Begin PBXFrameworksBuildPhase section */
		5B81E8F91EF7DF5100054948 /* Frameworks */ = {
			isa = PBXFrameworksBuildPhase;
			buildActionMask = 2147483647;
			files = (
			);
			runOnlyForDeploymentPostprocessing = 0;
		};
		5B81E9121EF7DF5100054948 /* Frameworks */ = {
			isa = PBXFrameworksBuildPhase;
			buildActionMask = 2147483647;
			files = (
			);
			runOnlyForDeploymentPostprocessing = 0;
		};
		5B81E91D1EF7DF5100054948 /* Frameworks */ = {
			isa = PBXFrameworksBuildPhase;
			buildActionMask = 2147483647;
			files = (
			);
			runOnlyForDeploymentPostprocessing = 0;
		};
/* End PBXFrameworksBuildPhase section */

/* Begin PBXGroup section */
		5B81E8F31EF7DF5100054948 = {
			isa = PBXGroup;
			children = (
				5B81E8FE1EF7DF5100054948 /* NewMoMo */,
				5B81E9181EF7DF5100054948 /* NewMoMoTests */,
				5B81E9231EF7DF5100054948 /* NewMoMoUITests */,
				5B81E8FD1EF7DF5100054948 /* Products */,
			);
			sourceTree = "<group>";
		};
		5B81E8FD1EF7DF5100054948 /* Products */ = {
			isa = PBXGroup;
			children = (
				5B81E8FC1EF7DF5100054948 /* NewMoMo.app */,
				5B81E9151EF7DF5100054948 /* NewMoMoTests.xctest */,
				5B81E9201EF7DF5100054948 /* NewMoMoUITests.xctest */,
			);
			name = Products;
			sourceTree = "<group>";
		};
		5B81E8FE1EF7DF5100054948 /* NewMoMo */ = {
			isa = PBXGroup;
			children = (
				5B81E9021EF7DF5100054948 /* AppDelegate.h */,
				5B81E9031EF7DF5100054948 /* AppDelegate.m */,
				5B81E9051EF7DF5100054948 /* ViewController.h */,
				5B81E9061EF7DF5100054948 /* ViewController.m */,
				5B81E9081EF7DF5100054948 /* Main.storyboard */,
				5B81E90B1EF7DF5100054948 /* Assets.xcassets */,
				5B81E90D1EF7DF5100054948 /* LaunchScreen.storyboard */,
				5B81E9101EF7DF5100054948 /* Info.plist */,
				5B81E8FF1EF7DF5100054948 /* Supporting Files */,
			);
			path = NewMoMo;
			sourceTree = "<group>";
		};
		5B81E8FF1EF7DF5100054948 /* Supporting Files */ = {
			isa = PBXGroup;
			children = (
				5B81E9001EF7DF5100054948 /* main.m */,
			);
			name = "Supporting Files";
			sourceTree = "<group>";
		};
		5B81E9181EF7DF5100054948 /* NewMoMoTests */ = {
			isa = PBXGroup;
			children = (
				5B81E9191EF7DF5100054948 /* NewMoMoTests.m */,
				5B81E91B1EF7DF5100054948 /* Info.plist */,
			);
			path = NewMoMoTests;
			sourceTree = "<group>";
		};
		5B81E9231EF7DF5100054948 /* NewMoMoUITests */ = {
			isa = PBXGroup;
			children = (
				5B81E9241EF7DF5100054948 /* NewMoMoUITests.m */,
				5B81E9261EF7DF5100054948 /* Info.plist */,
			);
			path = NewMoMoUITests;
			sourceTree = "<group>";
		};
/* End PBXGroup section */

/* Begin PBXNativeTarget section */
		5B81E8FB1EF7DF5100054948 /* NewMoMo */ = {
			isa = PBXNativeTarget;
			buildConfigurationList = 5B81E9291EF7DF5100054948 /* Build configuration list for PBXNativeTarget "NewMoMo" */;
			buildPhases = (
				5B81E8F81EF7DF5100054948 /* Sources */,
				5B81E8F91EF7DF5100054948 /* Frameworks */,
				5B81E8FA1EF7DF5100054948 /* Resources */,
			);
			buildRules = (
			);
			dependencies = (
			);
			name = NewMoMo;
			productName = NewMoMo;
			productReference = 5B81E8FC1EF7DF5100054948 /* NewMoMo.app */;
			productType = "com.apple.product-type.application";
		};
		5B81E9141EF7DF5100054948 /* NewMoMoTests */ = {
			isa = PBXNativeTarget;
			buildConfigurationList = 5B81E92C1EF7DF5100054948 /* Build configuration list for PBXNativeTarget "NewMoMoTests" */;
			buildPhases = (
				5B81E9111EF7DF5100054948 /* Sources */,
				5B81E9121EF7DF5100054948 /* Frameworks */,
				5B81E9131EF7DF5100054948 /* Resources */,
			);
			buildRules = (
			);
			dependencies = (
				5B81E9171EF7DF5100054948 /* PBXTargetDependency */,
			);
			name = NewMoMoTests;
			productName = NewMoMoTests;
			productReference = 5B81E9151EF7DF5100054948 /* NewMoMoTests.xctest */;
			productType = "com.apple.product-type.bundle.unit-test";
		};
		5B81E91F1EF7DF5100054948 /* NewMoMoUITests */ = {
			isa = PBXNativeTarget;
			buildConfigurationList = 5B81E92F1EF7DF5100054948 /* Build configuration list for PBXNativeTarget "NewMoMoUITests" */;
			buildPhases = (
				5B81E91C1EF7DF5100054948 /* Sources */,
				5B81E91D1EF7DF5100054948 /* Frameworks */,
				5B81E91E1EF7DF5100054948 /* Resources */,
			);
			buildRules = (
			);
			dependencies = (
				5B81E9221EF7DF5100054948 /* PBXTargetDependency */,
			);
			name = NewMoMoUITests;
			productName = NewMoMoUITests;
			productReference = 5B81E9201EF7DF5100054948 /* NewMoMoUITests.xctest */;
			productType = "com.apple.product-type.bundle.ui-testing";
		};
/* End PBXNativeTarget section */

/* Begin PBXProject section */
		5B81E8F41EF7DF5100054948 /* Project object */ = {
			isa = PBXProject;
			attributes = {
				LastUpgradeCheck = 0830;
				ORGANIZATIONNAME = "唐强";
				TargetAttributes = {
					5B81E8FB1EF7DF5100054948 = {
						CreatedOnToolsVersion = 8.3.3;
						ProvisioningStyle = Automatic;
					};
					5B81E9141EF7DF5100054948 = {
						CreatedOnToolsVersion = 8.3.3;
						ProvisioningStyle = Automatic;
						TestTargetID = 5B81E8FB1EF7DF5100054948;
					};
					5B81E91F1EF7DF5100054948 = {
						CreatedOnToolsVersion = 8.3.3;
						ProvisioningStyle = Automatic;
						TestTargetID = 5B81E8FB1EF7DF5100054948;
					};
				};
			};
			buildConfigurationList = 5B81E8F71EF7DF5100054948 /* Build configuration list for PBXProject "NewMoMo" */;
			compatibilityVersion = "Xcode 3.2";
			developmentRegion = English;
			hasScannedForEncodings = 0;
			knownRegions = (
				en,
				Base,
			);
			mainGroup = 5B81E8F31EF7DF5100054948;
			productRefGroup = 5B81E8FD1EF7DF5100054948 /* Products */;
			projectDirPath = "";
			projectRoot = "";
			targets = (
				5B81E8FB1EF7DF5100054948 /* NewMoMo */,
				5B81E9141EF7DF5100054948 /* NewMoMoTests */,
				5B81E91F1EF7DF5100054948 /* NewMoMoUITests */,
			);
		};
/* End PBXProject section */

/* Begin PBXResourcesBuildPhase section */
		5B81E8FA1EF7DF5100054948 /* Resources */ = {
			isa = PBXResourcesBuildPhase;
			buildActionMask = 2147483647;
			files = (
				5B81E90F1EF7DF5100054948 /* LaunchScreen.storyboard in Resources */,
				5B81E90C1EF7DF5100054948 /* Assets.xcassets in Resources */,
				5B81E90A1EF7DF5100054948 /* Main.storyboard in Resources */,
			);
			runOnlyForDeploymentPostprocessing = 0;
		};
		5B81E9131EF7DF5100054948 /* Resources */ = {
			isa = PBXResourcesBuildPhase;
			buildActionMask = 2147483647;
			files = (
			);
			runOnlyForDeploymentPostprocessing = 0;
		};
		5B81E91E1EF7DF5100054948 /* Resources */ = {
			isa = PBXResourcesBuildPhase;
			buildActionMask = 2147483647;
			files = (
			);
			runOnlyForDeploymentPostprocessing = 0;
		};
/* End PBXResourcesBuildPhase section */

/* Begin PBXSourcesBuildPhase section */
		5B81E8F81EF7DF5100054948 /* Sources */ = {
			isa = PBXSourcesBuildPhase;
			buildActionMask = 2147483647;
			files = (
				5B81E9071EF7DF5100054948 /* ViewController.m in Sources */,
				5B81E9041EF7DF5100054948 /* AppDelegate.m in Sources */,
				5B81E9011EF7DF5100054948 /* main.m in Sources */,
			);
			runOnlyForDeploymentPostprocessing = 0;
		};
		5B81E9111EF7DF5100054948 /* Sources */ = {
			isa = PBXSourcesBuildPhase;
			buildActionMask = 2147483647;
			files = (
				5B81E91A1EF7DF5100054948 /* NewMoMoTests.m in Sources */,
			);
			runOnlyForDeploymentPostprocessing = 0;
		};
		5B81E91C1EF7DF5100054948 /* Sources */ = {
			isa = PBXSourcesBuildPhase;
			buildActionMask = 2147483647;
			files = (
				5B81E9251EF7DF5100054948 /* NewMoMoUITests.m in Sources */,
			);
			runOnlyForDeploymentPostprocessing = 0;
		};
/* End PBXSourcesBuildPhase section */

/* Begin PBXTargetDependency section */
		5B81E9171EF7DF5100054948 /* PBXTargetDependency */ = {
			isa = PBXTargetDependency;
			target = 5B81E8FB1EF7DF5100054948 /* NewMoMo */;
			targetProxy = 5B81E9161EF7DF5100054948 /* PBXContainerItemProxy */;
		};
		5B81E9221EF7DF5100054948 /* PBXTargetDependency */ = {
			isa = PBXTargetDependency;
			target = 5B81E8FB1EF7DF5100054948 /* NewMoMo */;
			targetProxy = 5B81E9211EF7DF5100054948 /* PBXContainerItemProxy */;
		};
/* End PBXTargetDependency section */

/* Begin PBXVariantGroup section */
		5B81E9081EF7DF5100054948 /* Main.storyboard */ = {
			isa = PBXVariantGroup;
			children = (
				5B81E9091EF7DF5100054948 /* Base */,
			);
			name = Main.storyboard;
			sourceTree = "<group>";
		};
		5B81E90D1EF7DF5100054948 /* LaunchScreen.storyboard */ = {
			isa = PBXVariantGroup;
			children = (
				5B81E90E1EF7DF5100054948 /* Base */,
			);
			name = LaunchScreen.storyboard;
			sourceTree = "<group>";
		};
/* End PBXVariantGroup section */

/* Begin XCBuildConfiguration section */
		5B81E9271EF7DF5100054948 /* Debug */ = {
			isa = XCBuildConfiguration;
			buildSettings = {
				ALWAYS_SEARCH_USER_PATHS = NO;
				CLANG_ANALYZER_NONNULL = YES;
				CLANG_ANALYZER_NUMBER_OBJECT_CONVERSION = YES_AGGRESSIVE;
				CLANG_CXX_LANGUAGE_STANDARD = "gnu++0x";
				CLANG_CXX_LIBRARY = "libc++";
				CLANG_ENABLE_MODULES = YES;
				CLANG_ENABLE_OBJC_ARC = YES;
				CLANG_WARN_BOOL_CONVERSION = YES;
				CLANG_WARN_CONSTANT_CONVERSION = YES;
				CLANG_WARN_DIRECT_OBJC_ISA_USAGE = YES_ERROR;
				CLANG_WARN_DOCUMENTATION_COMMENTS = YES;
				CLANG_WARN_EMPTY_BODY = YES;
				CLANG_WARN_ENUM_CONVERSION = YES;
				CLANG_WARN_INFINITE_RECURSION = YES;
				CLANG_WARN_INT_CONVERSION = YES;
				CLANG_WARN_OBJC_ROOT_CLASS = YES_ERROR;
				CLANG_WARN_SUSPICIOUS_MOVE = YES;
				CLANG_WARN_UNREACHABLE_CODE = YES;
				CLANG_WARN__DUPLICATE_METHOD_MATCH = YES;
				"CODE_SIGN_IDENTITY[sdk=iphoneos*]" = "iPhone Developer";
				COPY_PHASE_STRIP = NO;
				DEBUG_INFORMATION_FORMAT = dwarf;
				ENABLE_STRICT_OBJC_MSGSEND = YES;
				ENABLE_TESTABILITY = YES;
				GCC_C_LANGUAGE_STANDARD = gnu99;
				GCC_DYNAMIC_NO_PIC = NO;
				GCC_NO_COMMON_BLOCKS = YES;
				GCC_OPTIMIZATION_LEVEL = 0;
				GCC_PREPROCESSOR_DEFINITIONS = (
					"DEBUG=1",
					"$(inherited)",
				);
				GCC_WARN_64_TO_32_BIT_CONVERSION = YES;
				GCC_WARN_ABOUT_RETURN_TYPE = YES_ERROR;
				GCC_WARN_UNDECLARED_SELECTOR = YES;
				GCC_WARN_UNINITIALIZED_AUTOS = YES_AGGRESSIVE;
				GCC_WARN_UNUSED_FUNCTION = YES;
				GCC_WARN_UNUSED_VARIABLE = YES;
				IPHONEOS_DEPLOYMENT_TARGET = 10.3;
				MTL_ENABLE_DEBUG_INFO = YES;
				ONLY_ACTIVE_ARCH = YES;
				SDKROOT = iphoneos;
			};
			name = Debug;
		};
		5B81E9281EF7DF5100054948 /* Release */ = {
			isa = XCBuildConfiguration;
			buildSettings = {
				ALWAYS_SEARCH_USER_PATHS = NO;
				CLANG_ANALYZER_NONNULL = YES;
				CLANG_ANALYZER_NUMBER_OBJECT_CONVERSION = YES_AGGRESSIVE;
				CLANG_CXX_LANGUAGE_STANDARD = "gnu++0x";
				CLANG_CXX_LIBRARY = "libc++";
				CLANG_ENABLE_MODULES = YES;
				CLANG_ENABLE_OBJC_ARC = YES;
				CLANG_WARN_BOOL_CONVERSION = YES;
				CLANG_WARN_CONSTANT_CONVERSION = YES;
				CLANG_WARN_DIRECT_OBJC_ISA_USAGE = YES_ERROR;
				CLANG_WARN_DOCUMENTATION_COMMENTS = YES;
				CLANG_WARN_EMPTY_BODY = YES;
				CLANG_WARN_ENUM_CONVERSION = YES;
				CLANG_WARN_INFINITE_RECURSION = YES;
				CLANG_WARN_INT_CONVERSION = YES;
				CLANG_WARN_OBJC_ROOT_CLASS = YES_ERROR;
				CLANG_WARN_SUSPICIOUS_MOVE = YES;
				CLANG_WARN_UNREACHABLE_CODE = YES;
				CLANG_WARN__DUPLICATE_METHOD_MATCH = YES;
				"CODE_SIGN_IDENTITY[sdk=iphoneos*]" = "iPhone Developer";
				COPY_PHASE_STRIP = NO;
				DEBUG_INFORMATION_FORMAT = "dwarf-with-dsym";
				ENABLE_NS_ASSERTIONS = NO;
				ENABLE_STRICT_OBJC_MSGSEND = YES;
				GCC_C_LANGUAGE_STANDARD = gnu99;
				GCC_NO_COMMON_BLOCKS = YES;
				GCC_WARN_64_TO_32_BIT_CONVERSION = YES;
				GCC_WARN_ABOUT_RETURN_TYPE = YES_ERROR;
				GCC_WARN_UNDECLARED_SELECTOR = YES;
				GCC_WARN_UNINITIALIZED_AUTOS = YES_AGGRESSIVE;
				GCC_WARN_UNUSED_FUNCTION = YES;
				GCC_WARN_UNUSED_VARIABLE = YES;
				IPHONEOS_DEPLOYMENT_TARGET = 10.3;
				MTL_ENABLE_DEBUG_INFO = NO;
				SDKROOT = iphoneos;
				VALIDATE_PRODUCT = YES;
			};
			name = Release;
		};
		5B81E92A1EF7DF5100054948 /* Debug */ = {
			isa = XCBuildConfiguration;
			buildSettings = {
				ASSETCATALOG_COMPILER_APPICON_NAME = AppIcon;
				INFOPLIST_FILE = NewMoMo/Info.plist;
				LD_RUNPATH_SEARCH_PATHS = "$(inherited) @executable_path/Frameworks";
				PRODUCT_BUNDLE_IDENTIFIER = com.tangqiang.NewMoMo;
				PRODUCT_NAME = "$(TARGET_NAME)";
			};
			name = Debug;
		};
		5B81E92B1EF7DF5100054948 /* Release */ = {
			isa = XCBuildConfiguration;
			buildSettings = {
				ASSETCATALOG_COMPILER_APPICON_NAME = AppIcon;
				INFOPLIST_FILE = NewMoMo/Info.plist;
				LD_RUNPATH_SEARCH_PATHS = "$(inherited) @executable_path/Frameworks";
				PRODUCT_BUNDLE_IDENTIFIER = com.tangqiang.NewMoMo;
				PRODUCT_NAME = "$(TARGET_NAME)";
			};
			name = Release;
		};
		5B81E92D1EF7DF5100054948 /* Debug */ = {
			isa = XCBuildConfiguration;
			buildSettings = {
				BUNDLE_LOADER = "$(TEST_HOST)";
				INFOPLIST_FILE = NewMoMoTests/Info.plist;
				LD_RUNPATH_SEARCH_PATHS = "$(inherited) @executable_path/Frameworks @loader_path/Frameworks";
				PRODUCT_BUNDLE_IDENTIFIER = com.tangqiang.NewMoMoTests;
				PRODUCT_NAME = "$(TARGET_NAME)";
				TEST_HOST = "$(BUILT_PRODUCTS_DIR)/NewMoMo.app/NewMoMo";
			};
			name = Debug;
		};
		5B81E92E1EF7DF5100054948 /* Release */ = {
			isa = XCBuildConfiguration;
			buildSettings = {
				BUNDLE_LOADER = "$(TEST_HOST)";
				INFOPLIST_FILE = NewMoMoTests/Info.plist;
				LD_RUNPATH_SEARCH_PATHS = "$(inherited) @executable_path/Frameworks @loader_path/Frameworks";
				PRODUCT_BUNDLE_IDENTIFIER = com.tangqiang.NewMoMoTests;
				PRODUCT_NAME = "$(TARGET_NAME)";
				TEST_HOST = "$(BUILT_PRODUCTS_DIR)/NewMoMo.app/NewMoMo";
			};
			name = Release;
		};
		5B81E9301EF7DF5100054948 /* Debug */ = {
			isa = XCBuildConfiguration;
			buildSettings = {
				INFOPLIST_FILE = NewMoMoUITests/Info.plist;
				LD_RUNPATH_SEARCH_PATHS = "$(inherited) @executable_path/Frameworks @loader_path/Frameworks";
				PRODUCT_BUNDLE_IDENTIFIER = com.tangqiang.NewMoMoUITests;
				PRODUCT_NAME = "$(TARGET_NAME)";
				TEST_TARGET_NAME = NewMoMo;
			};
			name = Debug;
		};
		5B81E9311EF7DF5100054948 /* Release */ = {
			isa = XCBuildConfiguration;
			buildSettings = {
				INFOPLIST_FILE = NewMoMoUITests/Info.plist;
				LD_RUNPATH_SEARCH_PATHS = "$(inherited) @executable_path/Frameworks @loader_path/Frameworks";
				PRODUCT_BUNDLE_IDENTIFIER = com.tangqiang.NewMoMoUITests;
				PRODUCT_NAME = "$(TARGET_NAME)";
				TEST_TARGET_NAME = NewMoMo;
			};
			name = Release;
		};
/* End XCBuildConfiguration section */

/* Begin XCConfigurationList section */
		5B81E8F71EF7DF5100054948 /* Build configuration list for PBXProject "NewMoMo" */ = {
			isa = XCConfigurationList;
			buildConfigurations = (
				5B81E9271EF7DF5100054948 /* Debug */,
				5B81E9281EF7DF5100054948 /* Release */,
			);
			defaultConfigurationIsVisible = 0;
			defaultConfigurationName = Release;
		};
		5B81E9291EF7DF5100054948 /* Build configuration list for PBXNativeTarget "NewMoMo" */ = {
			isa = XCConfigurationList;
			buildConfigurations = (
				5B81E92A1EF7DF5100054948 /* Debug */,
				5B81E92B1EF7DF5100054948 /* Release */,
			);
			defaultConfigurationIsVisible = 0;
		};
		5B81E92C1EF7DF5100054948 /* Build configuration list for PBXNativeTarget "NewMoMoTests" */ = {
			isa = XCConfigurationList;
			buildConfigurations = (
				5B81E92D1EF7DF5100054948 /* Debug */,
				5B81E92E1EF7DF5100054948 /* Release */,
			);
			defaultConfigurationIsVisible = 0;
		};
		5B81E92F1EF7DF5100054948 /* Build configuration list for PBXNativeTarget "NewMoMoUITests" */ = {
			isa = XCConfigurationList;
			buildConfigurations = (
				5B81E9301EF7DF5100054948 /* Debug */,
				5B81E9311EF7DF5100054948 /* Release */,
			);
			defaultConfigurationIsVisible = 0;
		};
/* End XCConfigurationList section */
	};
	rootObject = 5B81E8F41EF7DF5100054948 /* Project object */;
}
